
Microsoft Visual Studio Solution File, Format Version 12.00
# Visual Studio Version 17
VisualStudioVersion = 17.1.32210.238
MinimumVisualStudioVersion = 10.0.40219.1
Project("{FAE04EC0-301F-11D3-BF4B-00C04F79EFBC}") = "EFCoreBase.UI", "EFCoreBase.UI\EFCoreBase.UI.csproj", "{A57A33DA-DD39-49C2-A62B-8F622F36A801}"
EndProject
Project("{FAE04EC0-301F-11D3-BF4B-00C04F79EFBC}") = "EFCoreBase.Domain", "EFCoreBase.Domain\EFCoreBase.Domain.csproj", "{94DF18E1-7887-4656-BB3E-D4F014D0BAEE}"
EndProject
Global
	GlobalSection(SolutionConfigurationPlatforms) = preSolution
		Debug|Any CPU = Debug|Any CPU
		Release|Any CPU = Release|Any CPU
	EndGlobalSection
	GlobalSection(ProjectConfigurationPlatforms) = postSolution
		{A57A33DA-DD39-49C2-A62B-8F622F36A801}.Debug|Any CPU.ActiveCfg = Debug|Any CPU
		{A57A33DA-DD39-49C2-A62B-8F622F36A801}.Debug|Any CPU.Build.0 = Debug|Any CPU
		{A57A33DA-DD39-49C2-A62B-8F622F36A801}.Release|Any CPU.ActiveCfg = Release|Any CPU
		{A57A33DA-DD39-49C2-A62B-8F622F36A801}.Release|Any CPU.Build.0 = Release|Any CPU
		{94DF18E1-7887-4656-BB3E-D4F014D0BAEE}.Debug|Any CPU.ActiveCfg = Debug|Any CPU
		{94DF18E1-7887-4656-BB3E-D4F014D0BAEE}.Debug|Any CPU.Build.0 = Debug|Any CPU
		{94DF18E1-7887-4656-BB3E-D4F014D0BAEE}.Release|Any CPU.ActiveCfg = Release|Any CPU
		{94DF18E1-7887-4656-BB3E-D4F014D0BAEE}.Release|Any CPU.Build.0 = Release|Any CPU
	EndGlobalSection
	GlobalSection(SolutionProperties) = preSolution
		HideSolutionNode = FALSE
	EndGlobalSection
	GlobalSection(ExtensibilityGlobals) = postSolution
		SolutionGuid = {63D269D1-AA2C-42DD-887C-C33278ABE186}
	EndGlobalSection
EndGlobal
